// !$*UTF8*$!
{
	archiveVersion = 1;
	classes = {
	};
	objectVersion = 77;
	objects = {

/* Begin PBXContainerItemProxy section */
		67EACBD42DB621A700AD6FE5 /* PBXContainerItemProxy */ = {
			isa = PBXContainerItemProxy;
			containerPortal = 67EACBBE2DB621A500AD6FE5 /* Project object */;
			proxyType = 1;
			remoteGlobalIDString = 67EACBC52DB621A500AD6FE5;
			remoteInfo = "Currency tracker";
		};
		67EACBDE2DB621A700AD6FE5 /* PBXContainerItemProxy */ = {
			isa = PBXContainerItemProxy;
			containerPortal = 67EACBBE2DB621A500AD6FE5 /* Project object */;
			proxyType = 1;
			remoteGlobalIDString = 67EACBC52DB621A500AD6FE5;
			remoteInfo = "Currency tracker";
		};
/* End PBXContainerItemProxy section */

/* Begin PBXFileReference section */
		67EACBC62DB621A500AD6FE5 /* Currency tracker.app */ = {isa = PBXFileReference; explicitFileType = wrapper.application; includeInIndex = 0; path = "Currency tracker.app"; sourceTree = BUILT_PRODUCTS_DIR; };
		67EACBD32DB621A700AD6FE5 /* Currency trackerTests.xctest */ = {isa = PBXFileReference; explicitFileType = wrapper.cfbundle; includeInIndex = 0; path = "Currency trackerTests.xctest"; sourceTree = BUILT_PRODUCTS_DIR; };
		67EACBDD2DB621A700AD6FE5 /* Currency trackerUITests.xctest */ = {isa = PBXFileReference; explicitFileType = wrapper.cfbundle; includeInIndex = 0; path = "Currency trackerUITests.xctest"; sourceTree = BUILT_PRODUCTS_DIR; };
/* End PBXFileReference section */

/* Begin PBXFileSystemSynchronizedBuildFileExceptionSet section */
		67EACC2E2DB6391A00AD6FE5 /* Exceptions for "Currency trackerTests" folder in "Currency trackerTests" target */ = {
			isa = PBXFileSystemSynchronizedBuildFileExceptionSet;
			membershipExceptions = (
				"Mocks and Extensions/TestExtensions.swift",
			);
			target = 67EACBD22DB621A700AD6FE5 /* Currency trackerTests */;
		};
/* End PBXFileSystemSynchronizedBuildFileExceptionSet section */

/* Begin PBXFileSystemSynchronizedGroupBuildPhaseMembershipExceptionSet section */
		67EACC2F2DB6391A00AD6FE5 /* Exceptions for "Currency trackerTests" folder in "Copy Bundle Resources" phase from "Currency trackerTests" target */ = {
			isa = PBXFileSystemSynchronizedGroupBuildPhaseMembershipExceptionSet;
			buildPhase = 67EACBD12DB621A700AD6FE5 /* Resources */;
			membershipExceptions = (
				"Mocks and Extensions/TestExtensions.swift",
			);
		};
/* End PBXFileSystemSynchronizedGroupBuildPhaseMembershipExceptionSet section */

/* Begin PBXFileSystemSynchronizedRootGroup section */
		67EACBC82DB621A500AD6FE5 /* Currency tracker */ = {
			isa = PBXFileSystemSynchronizedRootGroup;
			path = "Currency tracker";
			sourceTree = "<group>";
		};
		67EACBD62DB621A700AD6FE5 /* Currency trackerTests */ = {
			isa = PBXFileSystemSynchronizedRootGroup;
			exceptions = (
				67EACC2E2DB6391A00AD6FE5 /* Exceptions for "Currency trackerTests" folder in "Currency trackerTests" target */,
				67EACC2F2DB6391A00AD6FE5 /* Exceptions for "Currency trackerTests" folder in "Copy Bundle Resources" phase from "Currency trackerTests" target */,
			);
			path = "Currency trackerTests";
			sourceTree = "<group>";
		};
/* End PBXFileSystemSynchronizedRootGroup section */

/* Begin PBXFrameworksBuildPhase section */
		67EACBC32DB621A500AD6FE5 /* Frameworks */ = {
			isa = PBXFrameworksBuildPhase;
			buildActionMask = 2147483647;
			files = (
			);
			runOnlyForDeploymentPostprocessing = 0;
		};
		67EACBD02DB621A700AD6FE5 /* Frameworks */ = {
			isa = PBXFrameworksBuildPhase;
			buildActionMask = 2147483647;
			files = (
			);
			runOnlyForDeploymentPostprocessing = 0;
		};
		67EACBDA2DB621A700AD6FE5 /* Frameworks */ = {
			isa = PBXFrameworksBuildPhase;
			buildActionMask = 2147483647;
			files = (
			);
			runOnlyForDeploymentPostprocessing = 0;
		};
/* End PBXFrameworksBuildPhase section */

/* Begin PBXGroup section */
		67EACBBD2DB621A500AD6FE5 = {
			isa = PBXGroup;
			children = (
				67EACBC82DB621A500AD6FE5 /* Currency tracker */,
				67EACBD62DB621A700AD6FE5 /* Currency trackerTests */,
				67EACBC72DB621A500AD6FE5 /* Products */,
			);
			sourceTree = "<group>";
		};
		67EACBC72DB621A500AD6FE5 /* Products */ = {
			isa = PBXGroup;
			children = (
				67EACBC62DB621A500AD6FE5 /* Currency tracker.app */,
				67EACBD32DB621A700AD6FE5 /* Currency trackerTests.xctest */,
				67EACBDD2DB621A700AD6FE5 /* Currency trackerUITests.xctest */,
			);
			name = Products;
			sourceTree = "<group>";
		};
/* End PBXGroup section */

/* Begin PBXNativeTarget section */
		67EACBC52DB621A500AD6FE5 /* Currency tracker */ = {
			isa = PBXNativeTarget;
			buildConfigurationList = 67EACBE72DB621A700AD6FE5 /* Build configuration list for PBXNativeTarget "Currency tracker" */;
			buildPhases = (
				67EACBC22DB621A500AD6FE5 /* Sources */,
				67EACBC32DB621A500AD6FE5 /* Frameworks */,
				67EACBC42DB621A500AD6FE5 /* Resources */,
			);
			buildRules = (
			);
			dependencies = (
			);
			fileSystemSynchronizedGroups = (
				67EACBC82DB621A500AD6FE5 /* Currency tracker */,
			);
			name = "Currency tracker";
			packageProductDependencies = (
			);
			productName = "Currency tracker";
			productReference = 67EACBC62DB621A500AD6FE5 /* Currency tracker.app */;
			productType = "com.apple.product-type.application";
		};
		67EACBD22DB621A700AD6FE5 /* Currency trackerTests */ = {
			isa = PBXNativeTarget;
			buildConfigurationList = 67EACBEA2DB621A700AD6FE5 /* Build configuration list for PBXNativeTarget "Currency trackerTests" */;
			buildPhases = (
				67EACBCF2DB621A700AD6FE5 /* Sources */,
				67EACBD02DB621A700AD6FE5 /* Frameworks */,
				67EACBD12DB621A700AD6FE5 /* Resources */,
			);
			buildRules = (
			);
			dependencies = (
				67EACBD52DB621A700AD6FE5 /* PBXTargetDependency */,
			);
			fileSystemSynchronizedGroups = (
				67EACBD62DB621A700AD6FE5 /* Currency trackerTests */,
			);
			name = "Currency trackerTests";
			packageProductDependencies = (
			);
			productName = "Currency trackerTests";
			productReference = 67EACBD32DB621A700AD6FE5 /* Currency trackerTests.xctest */;
			productType = "com.apple.product-type.bundle.unit-test";
		};
		67EACBDC2DB621A700AD6FE5 /* Currency trackerUITests */ = {
			isa = PBXNativeTarget;
			buildConfigurationList = 67EACBED2DB621A700AD6FE5 /* Build configuration list for PBXNativeTarget "Currency trackerUITests" */;
			buildPhases = (
				67EACBD92DB621A700AD6FE5 /* Sources */,
				67EACBDA2DB621A700AD6FE5 /* Frameworks */,
				67EACBDB2DB621A700AD6FE5 /* Resources */,
			);
			buildRules = (
			);
			dependencies = (
				67EACBDF2DB621A700AD6FE5 /* PBXTargetDependency */,
			);
			name = "Currency trackerUITests";
			packageProductDependencies = (
			);
			productName = "Currency trackerUITests";
			productReference = 67EACBDD2DB621A700AD6FE5 /* Currency trackerUITests.xctest */;
			productType = "com.apple.product-type.bundle.ui-testing";
		};
/* End PBXNativeTarget section */

/* Begin PBXProject section */
		67EACBBE2DB621A500AD6FE5 /* Project object */ = {
			isa = PBXProject;
			attributes = {
				BuildIndependentTargetsInParallel = 1;
				LastSwiftUpdateCheck = 1630;
				LastUpgradeCheck = 1630;
				TargetAttributes = {
					67EACBC52DB621A500AD6FE5 = {
						CreatedOnToolsVersion = 16.3;
					};
					67EACBD22DB621A700AD6FE5 = {
						CreatedOnToolsVersion = 16.3;
						TestTargetID = 67EACBC52DB621A500AD6FE5;
					};
					67EACBDC2DB621A700AD6FE5 = {
						CreatedOnToolsVersion = 16.3;
						TestTargetID = 67EACBC52DB621A500AD6FE5;
					};
				};
			};
			buildConfigurationList = 67EACBC12DB621A500AD6FE5 /* Build configuration list for PBXProject "Currency tracker" */;
			developmentRegion = en;
			hasScannedForEncodings = 0;
			knownRegions = (
				en,
				Base,
			);
			mainGroup = 67EACBBD2DB621A500AD6FE5;
			minimizedProjectReferenceProxies = 1;
			preferredProjectObjectVersion = 77;
			productRefGroup = 67EACBC72DB621A500AD6FE5 /* Products */;
			projectDirPath = "";
			projectRoot = "";
			targets = (
				67EACBC52DB621A500AD6FE5 /* Currency tracker */,
				67EACBD22DB621A700AD6FE5 /* Currency trackerTests */,
				67EACBDC2DB621A700AD6FE5 /* Currency trackerUITests */,
			);
		};
/* End PBXProject section */

/* Begin PBXResourcesBuildPhase section */
		67EACBC42DB621A500AD6FE5 /* Resources */ = {
			isa = PBXResourcesBuildPhase;
			buildActionMask = 2147483647;
			files = (
			);
			runOnlyForDeploymentPostprocessing = 0;
		};
		67EACBD12DB621A700AD6FE5 /* Resources */ = {
			isa = PBXResourcesBuildPhase;
			buildActionMask = 2147483647;
			files = (
			);
			runOnlyForDeploymentPostprocessing = 0;
		};
		67EACBDB2DB621A700AD6FE5 /* Resources */ = {
			isa = PBXResourcesBuildPhase;
			buildActionMask = 2147483647;
			files = (
			);
			runOnlyForDeploymentPostprocessing = 0;
		};
/* End PBXResourcesBuildPhase section */

/* Begin PBXSourcesBuildPhase section */
		67EACBC22DB621A500AD6FE5 /* Sources */ = {
			isa = PBXSourcesBuildPhase;
			buildActionMask = 2147483647;
			files = (
			);
			runOnlyForDeploymentPostprocessing = 0;
		};
		67EACBCF2DB621A700AD6FE5 /* Sources */ = {
			isa = PBXSourcesBuildPhase;
			buildActionMask = 2147483647;
			files = (
			);
			runOnlyForDeploymentPostprocessing = 0;
		};
		67EACBD92DB621A700AD6FE5 /* Sources */ = {
			isa = PBXSourcesBuildPhase;
			buildActionMask = 2147483647;
			files = (
			);
			runOnlyForDeploymentPostprocessing = 0;
		};
/* End PBXSourcesBuildPhase section */

/* Begin PBXTargetDependency section */
		67EACBD52DB621A700AD6FE5 /* PBXTargetDependency */ = {
			isa = PBXTargetDependency;
			target = 67EACBC52DB621A500AD6FE5 /* Currency tracker */;
			targetProxy = 67EACBD42DB621A700AD6FE5 /* PBXContainerItemProxy */;
		};
		67EACBDF2DB621A700AD6FE5 /* PBXTargetDependency */ = {
			isa = PBXTargetDependency;
			target = 67EACBC52DB621A500AD6FE5 /* Currency tracker */;
			targetProxy = 67EACBDE2DB621A700AD6FE5 /* PBXContainerItemProxy */;
		};
/* End PBXTargetDependency section */

/* Begin XCBuildConfiguration section */
		67EACBE52DB621A700AD6FE5 /* Debug */ = {
			isa = XCBuildConfiguration;
			buildSettings = {
				ALWAYS_SEARCH_USER_PATHS = NO;
				ASSETCATALOG_COMPILER_GENERATE_SWIFT_ASSET_SYMBOL_EXTENSIONS = YES;
				CLANG_ANALYZER_NONNULL = YES;
				CLANG_ANALYZER_NUMBER_OBJECT_CONVERSION = YES_AGGRESSIVE;
				CLANG_CXX_LANGUAGE_STANDARD = "gnu++20";
				CLANG_ENABLE_MODULES = YES;
				CLANG_ENABLE_OBJC_ARC = YES;
				CLANG_ENABLE_OBJC_WEAK = YES;
				CLANG_WARN_BLOCK_CAPTURE_AUTORELEASING = YES;
				CLANG_WARN_BOOL_CONVERSION = YES;
				CLANG_WARN_COMMA = YES;
				CLANG_WARN_CONSTANT_CONVERSION = YES;
				CLANG_WARN_DEPRECATED_OBJC_IMPLEMENTATIONS = YES;
				CLANG_WARN_DIRECT_OBJC_ISA_USAGE = YES_ERROR;
				CLANG_WARN_DOCUMENTATION_COMMENTS = YES;
				CLANG_WARN_EMPTY_BODY = YES;
				CLANG_WARN_ENUM_CONVERSION = YES;
				CLANG_WARN_INFINITE_RECURSION = YES;
				CLANG_WARN_INT_CONVERSION = YES;
				CLANG_WARN_NON_LITERAL_NULL_CONVERSION = YES;
				CLANG_WARN_OBJC_IMPLICIT_RETAIN_SELF = YES;
				CLANG_WARN_OBJC_LITERAL_CONVERSION = YES;
				CLANG_WARN_OBJC_ROOT_CLASS = YES_ERROR;
				CLANG_WARN_QUOTED_INCLUDE_IN_FRAMEWORK_HEADER = YES;
				CLANG_WARN_RANGE_LOOP_ANALYSIS = YES;
				CLANG_WARN_STRICT_PROTOTYPES = YES;
				CLANG_WARN_SUSPICIOUS_MOVE = YES;
				CLANG_WARN_UNGUARDED_AVAILABILITY = YES_AGGRESSIVE;
				CLANG_WARN_UNREACHABLE_CODE = YES;
				CLANG_WARN__DUPLICATE_METHOD_MATCH = YES;
				COPY_PHASE_STRIP = NO;
				DEBUG_INFORMATION_FORMAT = dwarf;
				DEVELOPMENT_TEAM = 5LHF76Y88Y;
				ENABLE_STRICT_OBJC_MSGSEND = YES;
				ENABLE_TESTABILITY = YES;
				ENABLE_USER_SCRIPT_SANDBOXING = YES;
				GCC_C_LANGUAGE_STANDARD = gnu17;
				GCC_DYNAMIC_NO_PIC = NO;
				GCC_NO_COMMON_BLOCKS = YES;
				GCC_OPTIMIZATION_LEVEL = 0;
				GCC_PREPROCESSOR_DEFINITIONS = (
					"DEBUG=1",
					"$(inherited)",
				);
				GCC_WARN_64_TO_32_BIT_CONVERSION = YES;
				GCC_WARN_ABOUT_RETURN_TYPE = YES_ERROR;
				GCC_WARN_UNDECLARED_SELECTOR = YES;
				GCC_WARN_UNINITIALIZED_AUTOS = YES_AGGRESSIVE;
				GCC_WARN_UNUSED_FUNCTION = YES;
				GCC_WARN_UNUSED_VARIABLE = YES;
				IPHONEOS_DEPLOYMENT_TARGET = 18.4;
				LOCALIZATION_PREFERS_STRING_CATALOGS = YES;
				MTL_ENABLE_DEBUG_INFO = INCLUDE_SOURCE;
				MTL_FAST_MATH = YES;
				ONLY_ACTIVE_ARCH = YES;
				SDKROOT = iphoneos;
				SWIFT_ACTIVE_COMPILATION_CONDITIONS = "DEBUG $(inherited)";
				SWIFT_OPTIMIZATION_LEVEL = "-Onone";
			};
			name = Debug;
		};
		67EACBE62DB621A700AD6FE5 /* Release */ = {
			isa = XCBuildConfiguration;
			buildSettings = {
				ALWAYS_SEARCH_USER_PATHS = NO;
				ASSETCATALOG_COMPILER_GENERATE_SWIFT_ASSET_SYMBOL_EXTENSIONS = YES;
				CLANG_ANALYZER_NONNULL = YES;
				CLANG_ANALYZER_NUMBER_OBJECT_CONVERSION = YES_AGGRESSIVE;
				CLANG_CXX_LANGUAGE_STANDARD = "gnu++20";
				CLANG_ENABLE_MODULES = YES;
				CLANG_ENABLE_OBJC_ARC = YES;
				CLANG_ENABLE_OBJC_WEAK = YES;
				CLANG_WARN_BLOCK_CAPTURE_AUTORELEASING = YES;
				CLANG_WARN_BOOL_CONVERSION = YES;
				CLANG_WARN_COMMA = YES;
				CLANG_WARN_CONSTANT_CONVERSION = YES;
				CLANG_WARN_DEPRECATED_OBJC_IMPLEMENTATIONS = YES;
				CLANG_WARN_DIRECT_OBJC_ISA_USAGE = YES_ERROR;
				CLANG_WARN_DOCUMENTATION_COMMENTS = YES;
				CLANG_WARN_EMPTY_BODY = YES;
				CLANG_WARN_ENUM_CONVERSION = YES;
				CLANG_WARN_INFINITE_RECURSION = YES;
				CLANG_WARN_INT_CONVERSION = YES;
				CLANG_WARN_NON_LITERAL_NULL_CONVERSION = YES;
				CLANG_WARN_OBJC_IMPLICIT_RETAIN_SELF = YES;
				CLANG_WARN_OBJC_LITERAL_CONVERSION = YES;
				CLANG_WARN_OBJC_ROOT_CLASS = YES_ERROR;
				CLANG_WARN_QUOTED_INCLUDE_IN_FRAMEWORK_HEADER = YES;
				CLANG_WARN_RANGE_LOOP_ANALYSIS = YES;
				CLANG_WARN_STRICT_PROTOTYPES = YES;
				CLANG_WARN_SUSPICIOUS_MOVE = YES;
				CLANG_WARN_UNGUARDED_AVAILABILITY = YES_AGGRESSIVE;
				CLANG_WARN_UNREACHABLE_CODE = YES;
				CLANG_WARN__DUPLICATE_METHOD_MATCH = YES;
				COPY_PHASE_STRIP = NO;
				DEBUG_INFORMATION_FORMAT = "dwarf-with-dsym";
				DEVELOPMENT_TEAM = 5LHF76Y88Y;
				ENABLE_NS_ASSERTIONS = NO;
				ENABLE_STRICT_OBJC_MSGSEND = YES;
				ENABLE_USER_SCRIPT_SANDBOXING = YES;
				GCC_C_LANGUAGE_STANDARD = gnu17;
				GCC_NO_COMMON_BLOCKS = YES;
				GCC_WARN_64_TO_32_BIT_CONVERSION = YES;
				GCC_WARN_ABOUT_RETURN_TYPE = YES_ERROR;
				GCC_WARN_UNDECLARED_SELECTOR = YES;
				GCC_WARN_UNINITIALIZED_AUTOS = YES_AGGRESSIVE;
				GCC_WARN_UNUSED_FUNCTION = YES;
				GCC_WARN_UNUSED_VARIABLE = YES;
				IPHONEOS_DEPLOYMENT_TARGET = 18.4;
				LOCALIZATION_PREFERS_STRING_CATALOGS = YES;
				MTL_ENABLE_DEBUG_INFO = NO;
				MTL_FAST_MATH = YES;
				SDKROOT = iphoneos;
				SWIFT_COMPILATION_MODE = wholemodule;
				VALIDATE_PRODUCT = YES;
			};
			name = Release;
		};
		67EACBE82DB621A700AD6FE5 /* Debug */ = {
			isa = XCBuildConfiguration;
			buildSettings = {
				ASSETCATALOG_COMPILER_APPICON_NAME = AppIcon;
				ASSETCATALOG_COMPILER_GLOBAL_ACCENT_COLOR_NAME = AccentColor;
				CODE_SIGN_STYLE = Automatic;
				CURRENT_PROJECT_VERSION = 1;
				DEVELOPMENT_TEAM = 5LHF76Y88Y;
				ENABLE_PREVIEWS = YES;
				GENERATE_INFOPLIST_FILE = YES;
				INFOPLIST_KEY_UIApplicationSceneManifest_Generation = YES;
				INFOPLIST_KEY_UIApplicationSupportsIndirectInputEvents = YES;
				INFOPLIST_KEY_UILaunchScreen_Generation = YES;
				INFOPLIST_KEY_UISupportedInterfaceOrientations_iPad = "UIInterfaceOrientationPortrait UIInterfaceOrientationPortraitUpsideDown UIInterfaceOrientationLandscapeLeft UIInterfaceOrientationLandscapeRight";
				INFOPLIST_KEY_UISupportedInterfaceOrientations_iPhone = "UIInterfaceOrientationPortrait UIInterfaceOrientationLandscapeLeft UIInterfaceOrientationLandscapeRight";
				LD_RUNPATH_SEARCH_PATHS = (
					"$(inherited)",
					"@executable_path/Frameworks",
				);
				MARKETING_VERSION = 1.0;
				PRODUCT_BUNDLE_IDENTIFIER = "alexslk.Currency-tracker";
				PRODUCT_NAME = "$(TARGET_NAME)";
				SWIFT_EMIT_LOC_STRINGS = YES;
				SWIFT_VERSION = 5.0;
				TARGETED_DEVICE_FAMILY = "1,2";
			};
			name = Debug;
		};
		67EACBE92DB621A700AD6FE5 /* Release */ = {
			isa = XCBuildConfiguration;
			buildSettings = {
				ASSETCATALOG_COMPILER_APPICON_NAME = AppIcon;
				ASSETCATALOG_COMPILER_GLOBAL_ACCENT_COLOR_NAME = AccentColor;
				CODE_SIGN_STYLE = Automatic;
				CURRENT_PROJECT_VERSION = 1;
				DEVELOPMENT_TEAM = 5LHF76Y88Y;
				ENABLE_PREVIEWS = YES;
				GENERATE_INFOPLIST_FILE = YES;
				INFOPLIST_KEY_UIApplicationSceneManifest_Generation = YES;
				INFOPLIST_KEY_UIApplicationSupportsIndirectInputEvents = YES;
				INFOPLIST_KEY_UILaunchScreen_Generation = YES;
				INFOPLIST_KEY_UISupportedInterfaceOrientations_iPad = "UIInterfaceOrientationPortrait UIInterfaceOrientationPortraitUpsideDown UIInterfaceOrientationLandscapeLeft UIInterfaceOrientationLandscapeRight";
				INFOPLIST_KEY_UISupportedInterfaceOrientations_iPhone = "UIInterfaceOrientationPortrait UIInterfaceOrientationLandscapeLeft UIInterfaceOrientationLandscapeRight";
				LD_RUNPATH_SEARCH_PATHS = (
					"$(inherited)",
					"@executable_path/Frameworks",
				);
				MARKETING_VERSION = 1.0;
				PRODUCT_BUNDLE_IDENTIFIER = "alexslk.Currency-tracker";
				PRODUCT_NAME = "$(TARGET_NAME)";
				SWIFT_EMIT_LOC_STRINGS = YES;
				SWIFT_VERSION = 5.0;
				TARGETED_DEVICE_FAMILY = "1,2";
			};
			name = Release;
		};
		67EACBEB2DB621A700AD6FE5 /* Debug */ = {
			isa = XCBuildConfiguration;
			buildSettings = {
				BUNDLE_LOADER = "$(TEST_HOST)";
				CODE_SIGN_STYLE = Automatic;
				CURRENT_PROJECT_VERSION = 1;
				DEVELOPMENT_TEAM = 5LHF76Y88Y;
				GENERATE_INFOPLIST_FILE = YES;
				IPHONEOS_DEPLOYMENT_TARGET = 18.4;
				MARKETING_VERSION = 1.0;
				PRODUCT_BUNDLE_IDENTIFIER = "alexslk.Currency-trackerTests";
				PRODUCT_NAME = "$(TARGET_NAME)";
				SWIFT_EMIT_LOC_STRINGS = NO;
				SWIFT_VERSION = 5.0;
				TARGETED_DEVICE_FAMILY = "1,2";
				TEST_HOST = "$(BUILT_PRODUCTS_DIR)/Currency tracker.app/$(BUNDLE_EXECUTABLE_FOLDER_PATH)/Currency tracker";
			};
			name = Debug;
		};
		67EACBEC2DB621A700AD6FE5 /* Release */ = {
			isa = XCBuildConfiguration;
			buildSettings = {
				BUNDLE_LOADER = "$(TEST_HOST)";
				CODE_SIGN_STYLE = Automatic;
				CURRENT_PROJECT_VERSION = 1;
				DEVELOPMENT_TEAM = 5LHF76Y88Y;
				GENERATE_INFOPLIST_FILE = YES;
				IPHONEOS_DEPLOYMENT_TARGET = 18.4;
				MARKETING_VERSION = 1.0;
				PRODUCT_BUNDLE_IDENTIFIER = "alexslk.Currency-trackerTests";
				PRODUCT_NAME = "$(TARGET_NAME)";
				SWIFT_EMIT_LOC_STRINGS = NO;
				SWIFT_VERSION = 5.0;
				TARGETED_DEVICE_FAMILY = "1,2";
				TEST_HOST = "$(BUILT_PRODUCTS_DIR)/Currency tracker.app/$(BUNDLE_EXECUTABLE_FOLDER_PATH)/Currency tracker";
			};
			name = Release;
		};
		67EACBEE2DB621A700AD6FE5 /* Debug */ = {
			isa = XCBuildConfiguration;
			buildSettings = {
				CODE_SIGN_STYLE = Automatic;
				CURRENT_PROJECT_VERSION = 1;
				DEVELOPMENT_TEAM = 5LHF76Y88Y;
				GENERATE_INFOPLIST_FILE = YES;
				MARKETING_VERSION = 1.0;
				PRODUCT_BUNDLE_IDENTIFIER = "alexslk.Currency-trackerUITests";
				PRODUCT_NAME = "$(TARGET_NAME)";
				SWIFT_EMIT_LOC_STRINGS = NO;
				SWIFT_VERSION = 5.0;
				TARGETED_DEVICE_FAMILY = "1,2";
				TEST_TARGET_NAME = "Currency tracker";
			};
			name = Debug;
		};
		67EACBEF2DB621A700AD6FE5 /* Release */ = {
			isa = XCBuildConfiguration;
			buildSettings = {
				CODE_SIGN_STYLE = Automatic;
				CURRENT_PROJECT_VERSION = 1;
				DEVELOPMENT_TEAM = 5LHF76Y88Y;
				GENERATE_INFOPLIST_FILE = YES;
				MARKETING_VERSION = 1.0;
				PRODUCT_BUNDLE_IDENTIFIER = "alexslk.Currency-trackerUITests";
				PRODUCT_NAME = "$(TARGET_NAME)";
				SWIFT_EMIT_LOC_STRINGS = NO;
				SWIFT_VERSION = 5.0;
				TARGETED_DEVICE_FAMILY = "1,2";
				TEST_TARGET_NAME = "Currency tracker";
			};
			name = Release;
		};
/* End XCBuildConfiguration section */

/* Begin XCConfigurationList section */
		67EACBC12DB621A500AD6FE5 /* Build configuration list for PBXProject "Currency tracker" */ = {
			isa = XCConfigurationList;
			buildConfigurations = (
				67EACBE52DB621A700AD6FE5 /* Debug */,
				67EACBE62DB621A700AD6FE5 /* Release */,
			);
			defaultConfigurationIsVisible = 0;
			defaultConfigurationName = Release;
		};
		67EACBE72DB621A700AD6FE5 /* Build configuration list for PBXNativeTarget "Currency tracker" */ = {
			isa = XCConfigurationList;
			buildConfigurations = (
				67EACBE82DB621A700AD6FE5 /* Debug */,
				67EACBE92DB621A700AD6FE5 /* Release */,
			);
			defaultConfigurationIsVisible = 0;
			defaultConfigurationName = Release;
		};
		67EACBEA2DB621A700AD6FE5 /* Build configuration list for PBXNativeTarget "Currency trackerTests" */ = {
			isa = XCConfigurationList;
			buildConfigurations = (
				67EACBEB2DB621A700AD6FE5 /* Debug */,
				67EACBEC2DB621A700AD6FE5 /* Release */,
			);
			defaultConfigurationIsVisible = 0;
			defaultConfigurationName = Release;
		};
		67EACBED2DB621A700AD6FE5 /* Build configuration list for PBXNativeTarget "Currency trackerUITests" */ = {
			isa = XCConfigurationList;
			buildConfigurations = (
				67EACBEE2DB621A700AD6FE5 /* Debug */,
				67EACBEF2DB621A700AD6FE5 /* Release */,
			);
			defaultConfigurationIsVisible = 0;
			defaultConfigurationName = Release;
		};
/* End XCConfigurationList section */
	};
	rootObject = 67EACBBE2DB621A500AD6FE5 /* Project object */;
}
